
Microsoft Visual Studio Solution File, Format Version 12.00
# Visual Studio 14
VisualStudioVersion = 14.0.25420.1
MinimumVisualStudioVersion = 10.0.40219.1
Project("{FAE04EC0-301F-11D3-BF4B-00C04F79EFBC}") = "Es1_CiaoMondo", "Es1_CiaoMondo\Es1_CiaoMondo.csproj", "{33F1F666-F7B5-44A3-89E3-AD2DCB4F218D}"
EndProject
Project("{FAE04EC0-301F-11D3-BF4B-00C04F79EFBC}") = "Es2_TipiDiDato", "Es2_TipiDiDato\Es2_TipiDiDato.csproj", "{194C840D-4C60-4CC4-A738-E75031903056}"
EndProject
Project("{FAE04EC0-301F-11D3-BF4B-00C04F79EFBC}") = "Es3_StruttureDiControllo", "Es3_StruttureDiControllo\Es3_StruttureDiControllo.csproj", "{E7A7A140-4417-4DAA-8777-F81907DE5E92}"
EndProject
Project("{FAE04EC0-301F-11D3-BF4B-00C04F79EFBC}") = "Es4_CicliFor", "Es4_CicliFor\Es4_CicliFor.csproj", "{24E00482-8BAD-4437-BF7C-60B591D51194}"
EndProject
Project("{FAE04EC0-301F-11D3-BF4B-00C04F79EFBC}") = "Es5_Switch", "Es5_Switch\Es5_Switch.csproj", "{3B38AD31-5AA0-48E5-A81F-E048BC1DE6C6}"
EndProject
Project("{FAE04EC0-301F-11D3-BF4B-00C04F79EFBC}") = "SoluzioneEsercizio2", "SoluzioneEsercizio2\SoluzioneEsercizio2.csproj", "{31D7C2C7-96E7-42E8-928A-C121315417D0}"
EndProject
Global
	GlobalSection(SolutionConfigurationPlatforms) = preSolution
		Debug|Any CPU = Debug|Any CPU
		Release|Any CPU = Release|Any CPU
	EndGlobalSection
	GlobalSection(ProjectConfigurationPlatforms) = postSolution
		{33F1F666-F7B5-44A3-89E3-AD2DCB4F218D}.Debug|Any CPU.ActiveCfg = Debug|Any CPU
		{33F1F666-F7B5-44A3-89E3-AD2DCB4F218D}.Debug|Any CPU.Build.0 = Debug|Any CPU
		{33F1F666-F7B5-44A3-89E3-AD2DCB4F218D}.Release|Any CPU.ActiveCfg = Release|Any CPU
		{33F1F666-F7B5-44A3-89E3-AD2DCB4F218D}.Release|Any CPU.Build.0 = Release|Any CPU
		{194C840D-4C60-4CC4-A738-E75031903056}.Debug|Any CPU.ActiveCfg = Debug|Any CPU
		{194C840D-4C60-4CC4-A738-E75031903056}.Debug|Any CPU.Build.0 = Debug|Any CPU
		{194C840D-4C60-4CC4-A738-E75031903056}.Release|Any CPU.ActiveCfg = Release|Any CPU
		{194C840D-4C60-4CC4-A738-E75031903056}.Release|Any CPU.Build.0 = Release|Any CPU
		{E7A7A140-4417-4DAA-8777-F81907DE5E92}.Debug|Any CPU.ActiveCfg = Debug|Any CPU
		{E7A7A140-4417-4DAA-8777-F81907DE5E92}.Debug|Any CPU.Build.0 = Debug|Any CPU
		{E7A7A140-4417-4DAA-8777-F81907DE5E92}.Release|Any CPU.ActiveCfg = Release|Any CPU
		{E7A7A140-4417-4DAA-8777-F81907DE5E92}.Release|Any CPU.Build.0 = Release|Any CPU
		{24E00482-8BAD-4437-BF7C-60B591D51194}.Debug|Any CPU.ActiveCfg = Debug|Any CPU
		{24E00482-8BAD-4437-BF7C-60B591D51194}.Debug|Any CPU.Build.0 = Debug|Any CPU
		{24E00482-8BAD-4437-BF7C-60B591D51194}.Release|Any CPU.ActiveCfg = Release|Any CPU
		{24E00482-8BAD-4437-BF7C-60B591D51194}.Release|Any CPU.Build.0 = Release|Any CPU
		{3B38AD31-5AA0-48E5-A81F-E048BC1DE6C6}.Debug|Any CPU.ActiveCfg = Debug|Any CPU
		{3B38AD31-5AA0-48E5-A81F-E048BC1DE6C6}.Debug|Any CPU.Build.0 = Debug|Any CPU
		{3B38AD31-5AA0-48E5-A81F-E048BC1DE6C6}.Release|Any CPU.ActiveCfg = Release|Any CPU
		{3B38AD31-5AA0-48E5-A81F-E048BC1DE6C6}.Release|Any CPU.Build.0 = Release|Any CPU
		{31D7C2C7-96E7-42E8-928A-C121315417D0}.Debug|Any CPU.ActiveCfg = Debug|Any CPU
		{31D7C2C7-96E7-42E8-928A-C121315417D0}.Debug|Any CPU.Build.0 = Debug|Any CPU
		{31D7C2C7-96E7-42E8-928A-C121315417D0}.Release|Any CPU.ActiveCfg = Release|Any CPU
		{31D7C2C7-96E7-42E8-928A-C121315417D0}.Release|Any CPU.Build.0 = Release|Any CPU
	EndGlobalSection
	GlobalSection(SolutionProperties) = preSolution
		HideSolutionNode = FALSE
	EndGlobalSection
EndGlobal
