
Microsoft Visual Studio Solution File, Format Version 12.00
# Visual Studio 14
VisualStudioVersion = 14.0.25420.1
MinimumVisualStudioVersion = 10.0.40219.1
Project("{FAE04EC0-301F-11D3-BF4B-00C04F79EFBC}") = "EsSommatoriaProduttoria", "EsSommatoriaProduttoria\EsSommatoriaProduttoria.csproj", "{009D77EC-A46C-4E51-9D8E-418AB4EE18D3}"
EndProject
Project("{FAE04EC0-301F-11D3-BF4B-00C04F79EFBC}") = "EsNumeroGiorniMese", "EsNumeroGiorniMese\EsNumeroGiorniMese.csproj", "{BEDEAA8A-ECC0-4D9A-A551-C8169D088E4F}"
EndProject
Project("{FAE04EC0-301F-11D3-BF4B-00C04F79EFBC}") = "EsFattoriale", "EsFattoriale\EsFattoriale.csproj", "{D95B573B-0E83-4B71-9266-2E3FC80D0748}"
EndProject
Project("{FAE04EC0-301F-11D3-BF4B-00C04F79EFBC}") = "DaNumeroALettere", "DaNumeroALettere\DaNumeroALettere.csproj", "{BB15B4D4-8D82-4B86-AC01-1E4586546648}"
EndProject
Project("{FAE04EC0-301F-11D3-BF4B-00C04F79EFBC}") = "PaginaWeb", "PaginaWeb\PaginaWeb.csproj", "{1CB6F664-E957-42E0-BFF4-D07309C64C90}"
EndProject
Global
	GlobalSection(SolutionConfigurationPlatforms) = preSolution
		Debug|Any CPU = Debug|Any CPU
		Release|Any CPU = Release|Any CPU
	EndGlobalSection
	GlobalSection(ProjectConfigurationPlatforms) = postSolution
		{009D77EC-A46C-4E51-9D8E-418AB4EE18D3}.Debug|Any CPU.ActiveCfg = Debug|Any CPU
		{009D77EC-A46C-4E51-9D8E-418AB4EE18D3}.Debug|Any CPU.Build.0 = Debug|Any CPU
		{009D77EC-A46C-4E51-9D8E-418AB4EE18D3}.Release|Any CPU.ActiveCfg = Release|Any CPU
		{009D77EC-A46C-4E51-9D8E-418AB4EE18D3}.Release|Any CPU.Build.0 = Release|Any CPU
		{BEDEAA8A-ECC0-4D9A-A551-C8169D088E4F}.Debug|Any CPU.ActiveCfg = Debug|Any CPU
		{BEDEAA8A-ECC0-4D9A-A551-C8169D088E4F}.Debug|Any CPU.Build.0 = Debug|Any CPU
		{BEDEAA8A-ECC0-4D9A-A551-C8169D088E4F}.Release|Any CPU.ActiveCfg = Release|Any CPU
		{BEDEAA8A-ECC0-4D9A-A551-C8169D088E4F}.Release|Any CPU.Build.0 = Release|Any CPU
		{D95B573B-0E83-4B71-9266-2E3FC80D0748}.Debug|Any CPU.ActiveCfg = Debug|Any CPU
		{D95B573B-0E83-4B71-9266-2E3FC80D0748}.Debug|Any CPU.Build.0 = Debug|Any CPU
		{D95B573B-0E83-4B71-9266-2E3FC80D0748}.Release|Any CPU.ActiveCfg = Release|Any CPU
		{D95B573B-0E83-4B71-9266-2E3FC80D0748}.Release|Any CPU.Build.0 = Release|Any CPU
		{BB15B4D4-8D82-4B86-AC01-1E4586546648}.Debug|Any CPU.ActiveCfg = Debug|Any CPU
		{BB15B4D4-8D82-4B86-AC01-1E4586546648}.Debug|Any CPU.Build.0 = Debug|Any CPU
		{BB15B4D4-8D82-4B86-AC01-1E4586546648}.Release|Any CPU.ActiveCfg = Release|Any CPU
		{BB15B4D4-8D82-4B86-AC01-1E4586546648}.Release|Any CPU.Build.0 = Release|Any CPU
		{1CB6F664-E957-42E0-BFF4-D07309C64C90}.Debug|Any CPU.ActiveCfg = Debug|Any CPU
		{1CB6F664-E957-42E0-BFF4-D07309C64C90}.Debug|Any CPU.Build.0 = Debug|Any CPU
		{1CB6F664-E957-42E0-BFF4-D07309C64C90}.Release|Any CPU.ActiveCfg = Release|Any CPU
		{1CB6F664-E957-42E0-BFF4-D07309C64C90}.Release|Any CPU.Build.0 = Release|Any CPU
	EndGlobalSection
	GlobalSection(SolutionProperties) = preSolution
		HideSolutionNode = FALSE
	EndGlobalSection
EndGlobal
